
Microsoft Visual Studio Solution File, Format Version 12.00
# Visual Studio Version 17
VisualStudioVersion = 17.8.34330.188
MinimumVisualStudioVersion = 10.0.40219.1
Project("{FAE04EC0-301F-11D3-BF4B-00C04F79EFBC}") = "Scholarship MS", "Scholarship MS\Scholarship MS.csproj", "{B45478A0-0B16-45C2-9D7C-7357EFC697F9}"
EndProject
Global
	GlobalSection(SolutionConfigurationPlatforms) = preSolution
		Debug|Any CPU = Debug|Any CPU
		Release|Any CPU = Release|Any CPU
	EndGlobalSection
	GlobalSection(ProjectConfigurationPlatforms) = postSolution
		{B45478A0-0B16-45C2-9D7C-7357EFC697F9}.Debug|Any CPU.ActiveCfg = Debug|Any CPU
		{B45478A0-0B16-45C2-9D7C-7357EFC697F9}.Debug|Any CPU.Build.0 = Debug|Any CPU
		{B45478A0-0B16-45C2-9D7C-7357EFC697F9}.Release|Any CPU.ActiveCfg = Release|Any CPU
		{B45478A0-0B16-45C2-9D7C-7357EFC697F9}.Release|Any CPU.Build.0 = Release|Any CPU
	EndGlobalSection
	GlobalSection(SolutionProperties) = preSolution
		HideSolutionNode = FALSE
	EndGlobalSection
	GlobalSection(ExtensibilityGlobals) = postSolution
		SolutionGuid = {7D766223-546C-4FAA-B318-0D258737E994}
	EndGlobalSection
EndGlobal
